
Microsoft Visual Studio Solution File, Format Version 12.00
# Visual Studio Version 16
VisualStudioVersion = 16.0.29503.13
MinimumVisualStudioVersion = 10.0.40219.1
Project("{9A19103F-16F7-4668-BE54-9A1E7A4F7556}") = "AccountOwnerServer", "AccountOwnerServer\AccountOwnerServer.csproj", "{2FC4CBED-84D5-468B-B418-B8885E5345EA}"
EndProject
Project("{9A19103F-16F7-4668-BE54-9A1E7A4F7556}") = "Contracts", "Contracts\Contracts.csproj", "{D2277704-C763-4FDA-98B2-D7F03D8D2FED}"
EndProject
Project("{9A19103F-16F7-4668-BE54-9A1E7A4F7556}") = "LoggerService", "LoggerService\LoggerService.csproj", "{E6ECC9A5-8463-4BF1-8051-A17F145FCAE0}"
EndProject
Project("{9A19103F-16F7-4668-BE54-9A1E7A4F7556}") = "Entities", "Entities\Entities.csproj", "{B98C4045-FD70-419C-B4EE-03AAC9819CBB}"
EndProject
Project("{FAE04EC0-301F-11D3-BF4B-00C04F79EFBC}") = "Repository", "Repository\Repository.csproj", "{C84FF3C3-6205-4D7D-A20D-15B66EC95CE7}"
EndProject
Global
	GlobalSection(SolutionConfigurationPlatforms) = preSolution
		Debug|Any CPU = Debug|Any CPU
		Release|Any CPU = Release|Any CPU
	EndGlobalSection
	GlobalSection(ProjectConfigurationPlatforms) = postSolution
		{2FC4CBED-84D5-468B-B418-B8885E5345EA}.Debug|Any CPU.ActiveCfg = Debug|Any CPU
		{2FC4CBED-84D5-468B-B418-B8885E5345EA}.Debug|Any CPU.Build.0 = Debug|Any CPU
		{2FC4CBED-84D5-468B-B418-B8885E5345EA}.Release|Any CPU.ActiveCfg = Release|Any CPU
		{2FC4CBED-84D5-468B-B418-B8885E5345EA}.Release|Any CPU.Build.0 = Release|Any CPU
		{D2277704-C763-4FDA-98B2-D7F03D8D2FED}.Debug|Any CPU.ActiveCfg = Debug|Any CPU
		{D2277704-C763-4FDA-98B2-D7F03D8D2FED}.Debug|Any CPU.Build.0 = Debug|Any CPU
		{D2277704-C763-4FDA-98B2-D7F03D8D2FED}.Release|Any CPU.ActiveCfg = Release|Any CPU
		{D2277704-C763-4FDA-98B2-D7F03D8D2FED}.Release|Any CPU.Build.0 = Release|Any CPU
		{E6ECC9A5-8463-4BF1-8051-A17F145FCAE0}.Debug|Any CPU.ActiveCfg = Debug|Any CPU
		{E6ECC9A5-8463-4BF1-8051-A17F145FCAE0}.Debug|Any CPU.Build.0 = Debug|Any CPU
		{E6ECC9A5-8463-4BF1-8051-A17F145FCAE0}.Release|Any CPU.ActiveCfg = Release|Any CPU
		{E6ECC9A5-8463-4BF1-8051-A17F145FCAE0}.Release|Any CPU.Build.0 = Release|Any CPU
		{B98C4045-FD70-419C-B4EE-03AAC9819CBB}.Debug|Any CPU.ActiveCfg = Debug|Any CPU
		{B98C4045-FD70-419C-B4EE-03AAC9819CBB}.Debug|Any CPU.Build.0 = Debug|Any CPU
		{B98C4045-FD70-419C-B4EE-03AAC9819CBB}.Release|Any CPU.ActiveCfg = Release|Any CPU
		{B98C4045-FD70-419C-B4EE-03AAC9819CBB}.Release|Any CPU.Build.0 = Release|Any CPU
		{C84FF3C3-6205-4D7D-A20D-15B66EC95CE7}.Debug|Any CPU.ActiveCfg = Debug|Any CPU
		{C84FF3C3-6205-4D7D-A20D-15B66EC95CE7}.Debug|Any CPU.Build.0 = Debug|Any CPU
		{C84FF3C3-6205-4D7D-A20D-15B66EC95CE7}.Release|Any CPU.ActiveCfg = Release|Any CPU
		{C84FF3C3-6205-4D7D-A20D-15B66EC95CE7}.Release|Any CPU.Build.0 = Release|Any CPU
	EndGlobalSection
	GlobalSection(SolutionProperties) = preSolution
		HideSolutionNode = FALSE
	EndGlobalSection
	GlobalSection(ExtensibilityGlobals) = postSolution
		SolutionGuid = {876A6112-9DD4-45DA-AB60-8218DF34B7A6}
	EndGlobalSection
EndGlobal
